// !$*UTF8*$!
{
	archiveVersion = 1;
	classes = {
	};
	objectVersion = 46;
	objects = {

/* Begin PBXBuildFile section */
		1803C7001ABF41ED00D4C487 /* SoundManager.m in Sources */ = {isa = PBXBuildFile; fileRef = 1803C6FF1ABF41ED00D4C487 /* SoundManager.m */; };
		1803C7031ABF508B00D4C487 /* alarm.mp3 in Resources */ = {isa = PBXBuildFile; fileRef = 1803C7021ABF508B00D4C487 /* alarm.mp3 */; };
		1803C7061ABF554D00D4C487 /* CIRSound.m in Sources */ = {isa = PBXBuildFile; fileRef = 1803C7051ABF554D00D4C487 /* CIRSound.m */; };
		1803C7091ABF584400D4C487 /* CIRSoundLibrary.m in Sources */ = {isa = PBXBuildFile; fileRef = 1803C7081ABF584400D4C487 /* CIRSoundLibrary.m */; };
		181D56BC1ABDB90600D252BC /* main.m in Sources */ = {isa = PBXBuildFile; fileRef = 181D56BB1ABDB90600D252BC /* main.m */; };
		181D56BF1ABDB90600D252BC /* AppDelegate.m in Sources */ = {isa = PBXBuildFile; fileRef = 181D56BE1ABDB90600D252BC /* AppDelegate.m */; };
		181D56C11ABDB90600D252BC /* Images.xcassets in Resources */ = {isa = PBXBuildFile; fileRef = 181D56C01ABDB90600D252BC /* Images.xcassets */; };
		181D56C41ABDB90600D252BC /* LaunchScreen.xib in Resources */ = {isa = PBXBuildFile; fileRef = 181D56C21ABDB90600D252BC /* LaunchScreen.xib */; };
		181D56D01ABDB90600D252BC /* NanoChallenge01Tests.m in Sources */ = {isa = PBXBuildFile; fileRef = 181D56CF1ABDB90600D252BC /* NanoChallenge01Tests.m */; };
		18CE95DC1AC25A8E00346E40 /* CIRSoundImage.m in Sources */ = {isa = PBXBuildFile; fileRef = 18CE95DB1AC25A8E00346E40 /* CIRSoundImage.m */; };
		18D1DC9F1AC2694F00654A86 /* dog.png in Resources */ = {isa = PBXBuildFile; fileRef = 18D1DC9E1AC2694F00654A86 /* dog.png */; };
		18D1DCA11AC26A6F00654A86 /* cat.png in Resources */ = {isa = PBXBuildFile; fileRef = 18D1DCA01AC26A6F00654A86 /* cat.png */; };
		18FF0EA31ABF130700BB4E0B /* CIRSoundTestViewController.m in Sources */ = {isa = PBXBuildFile; fileRef = 18FF0EA11ABF130700BB4E0B /* CIRSoundTestViewController.m */; };
		18FF0EA41ABF130700BB4E0B /* CIRSoundTestViewController.xib in Resources */ = {isa = PBXBuildFile; fileRef = 18FF0EA21ABF130700BB4E0B /* CIRSoundTestViewController.xib */; };
		18FF0EAB1ABF174400BB4E0B /* playIcon.png in Resources */ = {isa = PBXBuildFile; fileRef = 18FF0EA91ABF174400BB4E0B /* playIcon.png */; };
		18FF0EAC1ABF174400BB4E0B /* replayIcon.png in Resources */ = {isa = PBXBuildFile; fileRef = 18FF0EAA1ABF174400BB4E0B /* replayIcon.png */; };
		351F30711AC31F4C009F9D54 /* interrogacao.png in Resources */ = {isa = PBXBuildFile; fileRef = 351F30701AC31F4C009F9D54 /* interrogacao.png */; };
		351F30761AC32521009F9D54 /* pet_background_by_darkrainspirit-d6gogtq.png in Resources */ = {isa = PBXBuildFile; fileRef = 351F30731AC32521009F9D54 /* pet_background_by_darkrainspirit-d6gogtq.png */; };
		351F30771AC32521009F9D54 /* Pet-care-site-Background.gif in Resources */ = {isa = PBXBuildFile; fileRef = 351F30741AC32521009F9D54 /* Pet-care-site-Background.gif */; };
		351F30781AC32521009F9D54 /* pet_background_by_darkrainspirit-d6gogtq.gif in Resources */ = {isa = PBXBuildFile; fileRef = 351F30751AC32521009F9D54 /* pet_background_by_darkrainspirit-d6gogtq.gif */; };
		351F307A1AC3296E009F9D54 /* Lol_question_mark.png in Resources */ = {isa = PBXBuildFile; fileRef = 351F30791AC3296E009F9D54 /* Lol_question_mark.png */; };
		351F307C1AC329C5009F9D54 /* question-mark2.png in Resources */ = {isa = PBXBuildFile; fileRef = 351F307B1AC329C5009F9D54 /* question-mark2.png */; };
		351F307E1AC32AD1009F9D54 /* Twitter_question_mark.png in Resources */ = {isa = PBXBuildFile; fileRef = 351F307D1AC32AD1009F9D54 /* Twitter_question_mark.png */; };
		351F30811AC32BBB009F9D54 /* doubt-321144_640.png in Resources */ = {isa = PBXBuildFile; fileRef = 351F307F1AC32BBB009F9D54 /* doubt-321144_640.png */; };
		351F30821AC32BBB009F9D54 /* question-mark-310100_640.png in Resources */ = {isa = PBXBuildFile; fileRef = 351F30801AC32BBB009F9D54 /* question-mark-310100_640.png */; };
		351F30841AC335D7009F9D54 /* novacor.png in Resources */ = {isa = PBXBuildFile; fileRef = 351F30831AC335D7009F9D54 /* novacor.png */; };
		351F30861AC344B8009F9D54 /* funwithanimals.png in Resources */ = {isa = PBXBuildFile; fileRef = 351F30851AC344B8009F9D54 /* funwithanimals.png */; };
		351F30881AC34AE9009F9D54 /* Collage (Japanese instrumental music group) - Dohbutsu no Kohshin (Animal Parade).mp3 in Resources */ = {isa = PBXBuildFile; fileRef = 351F30871AC34AE9009F9D54 /* Collage (Japanese instrumental music group) - Dohbutsu no Kohshin (Animal Parade).mp3 */; };
		F5CD494C1AC31B4B00F270FA /* aguia.png in Resources */ = {isa = PBXBuildFile; fileRef = F5CD492E1AC31B4B00F270FA /* aguia.png */; };
		F5CD494D1AC31B4B00F270FA /* alce.png in Resources */ = {isa = PBXBuildFile; fileRef = F5CD492F1AC31B4B00F270FA /* alce.png */; };
		F5CD494E1AC31B4B00F270FA /* antilope.png in Resources */ = {isa = PBXBuildFile; fileRef = F5CD49301AC31B4B00F270FA /* antilope.png */; };
		F5CD494F1AC31B4B00F270FA /* burro.png in Resources */ = {isa = PBXBuildFile; fileRef = F5CD49311AC31B4B00F270FA /* burro.png */; };
		F5CD49501AC31B4B00F270FA /* cachorro.png in Resources */ = {isa = PBXBuildFile; fileRef = F5CD49321AC31B4B00F270FA /* cachorro.png */; };
		F5CD49511AC31B4B00F270FA /* camelo.png in Resources */ = {isa = PBXBuildFile; fileRef = F5CD49331AC31B4B00F270FA /* camelo.png */; };
		F5CD49521AC31B4B00F270FA /* coelho.png in Resources */ = {isa = PBXBuildFile; fileRef = F5CD49341AC31B4B00F270FA /* coelho.png */; };
		F5CD49531AC31B4B00F270FA /* curuja.png in Resources */ = {isa = PBXBuildFile; fileRef = F5CD49351AC31B4B00F270FA /* curuja.png */; };
		F5CD49541AC31B4B00F270FA /* elefante.png in Resources */ = {isa = PBXBuildFile; fileRef = F5CD49361AC31B4B00F270FA /* elefante.png */; };
		F5CD49551AC31B4B00F270FA /* escorpiao.png in Resources */ = {isa = PBXBuildFile; fileRef = F5CD49371AC31B4B00F270FA /* escorpiao.png */; };
		F5CD49561AC31B4B00F270FA /* esquilo.png in Resources */ = {isa = PBXBuildFile; fileRef = F5CD49381AC31B4B00F270FA /* esquilo.png */; };
		F5CD49571AC31B4B00F270FA /* estrela-do-mar.png in Resources */ = {isa = PBXBuildFile; fileRef = F5CD49391AC31B4B00F270FA /* estrela-do-mar.png */; };
		F5CD49581AC31B4B00F270FA /* foca.png in Resources */ = {isa = PBXBuildFile; fileRef = F5CD493A1AC31B4B00F270FA /* foca.png */; };
		F5CD49591AC31B4B00F270FA /* galo.png in Resources */ = {isa = PBXBuildFile; fileRef = F5CD493B1AC31B4B00F270FA /* galo.png */; };
		F5CD495A1AC31B4B00F270FA /* gato.png in Resources */ = {isa = PBXBuildFile; fileRef = F5CD493C1AC31B4B00F270FA /* gato.png */; };
		F5CD495B1AC31B4B00F270FA /* javali.png in Resources */ = {isa = PBXBuildFile; fileRef = F5CD493D1AC31B4B00F270FA /* javali.png */; };
		F5CD495C1AC31B4B00F270FA /* leao-marinho.png in Resources */ = {isa = PBXBuildFile; fileRef = F5CD493E1AC31B4B00F270FA /* leao-marinho.png */; };
		F5CD495D1AC31B4B00F270FA /* lemore.png in Resources */ = {isa = PBXBuildFile; fileRef = F5CD493F1AC31B4B00F270FA /* lemore.png */; };
		F5CD495E1AC31B4B00F270FA /* leopardo.png in Resources */ = {isa = PBXBuildFile; fileRef = F5CD49401AC31B4B00F270FA /* leopardo.png */; };
		F5CD495F1AC31B4B00F270FA /* lobo.png in Resources */ = {isa = PBXBuildFile; fileRef = F5CD49411AC31B4B00F270FA /* lobo.png */; };
		F5CD49601AC31B4B00F270FA /* macaco.png in Resources */ = {isa = PBXBuildFile; fileRef = F5CD49421AC31B4B00F270FA /* macaco.png */; };
		F5CD49611AC31B4B00F270FA /* ovelha.png in Resources */ = {isa = PBXBuildFile; fileRef = F5CD49431AC31B4B00F270FA /* ovelha.png */; };
		F5CD49621AC31B4B00F270FA /* papagaio.png in Resources */ = {isa = PBXBuildFile; fileRef = F5CD49441AC31B4B00F270FA /* papagaio.png */; };
		F5CD49631AC31B4B00F270FA /* pinguim.png in Resources */ = {isa = PBXBuildFile; fileRef = F5CD49451AC31B4B00F270FA /* pinguim.png */; };
		F5CD49641AC31B4B00F270FA /* polvo.png in Resources */ = {isa = PBXBuildFile; fileRef = F5CD49461AC31B4B00F270FA /* polvo.png */; };
		F5CD49651AC31B4B00F270FA /* porco.png in Resources */ = {isa = PBXBuildFile; fileRef = F5CD49471AC31B4B00F270FA /* porco.png */; };
		F5CD49661AC31B4B00F270FA /* serpente.png in Resources */ = {isa = PBXBuildFile; fileRef = F5CD49481AC31B4B00F270FA /* serpente.png */; };
		F5CD49671AC31B4B00F270FA /* Thumbs.db in Resources */ = {isa = PBXBuildFile; fileRef = F5CD49491AC31B4B00F270FA /* Thumbs.db */; };
		F5CD49681AC31B4B00F270FA /* urso.png in Resources */ = {isa = PBXBuildFile; fileRef = F5CD494A1AC31B4B00F270FA /* urso.png */; };
		F5CD49691AC31B4B00F270FA /* vaca.png in Resources */ = {isa = PBXBuildFile; fileRef = F5CD494B1AC31B4B00F270FA /* vaca.png */; };
/* End PBXBuildFile section */

/* Begin PBXContainerItemProxy section */
		181D56CA1ABDB90600D252BC /* PBXContainerItemProxy */ = {
			isa = PBXContainerItemProxy;
			containerPortal = 181D56AE1ABDB90600D252BC /* Project object */;
			proxyType = 1;
			remoteGlobalIDString = 181D56B51ABDB90600D252BC;
			remoteInfo = NanoChallenge01;
		};
/* End PBXContainerItemProxy section */

/* Begin PBXFileReference section */
		1803C6FE1ABF41ED00D4C487 /* SoundManager.h */ = {isa = PBXFileReference; fileEncoding = 4; lastKnownFileType = sourcecode.c.h; path = SoundManager.h; sourceTree = "<group>"; };
		1803C6FF1ABF41ED00D4C487 /* SoundManager.m */ = {isa = PBXFileReference; fileEncoding = 4; lastKnownFileType = sourcecode.c.objc; path = SoundManager.m; sourceTree = "<group>"; };
		1803C7021ABF508B00D4C487 /* alarm.mp3 */ = {isa = PBXFileReference; lastKnownFileType = audio.mp3; path = alarm.mp3; sourceTree = "<group>"; };
		1803C7041ABF554D00D4C487 /* CIRSound.h */ = {isa = PBXFileReference; fileEncoding = 4; lastKnownFileType = sourcecode.c.h; path = CIRSound.h; sourceTree = "<group>"; };
		1803C7051ABF554D00D4C487 /* CIRSound.m */ = {isa = PBXFileReference; fileEncoding = 4; lastKnownFileType = sourcecode.c.objc; path = CIRSound.m; sourceTree = "<group>"; };
		1803C7071ABF584400D4C487 /* CIRSoundLibrary.h */ = {isa = PBXFileReference; fileEncoding = 4; lastKnownFileType = sourcecode.c.h; path = CIRSoundLibrary.h; sourceTree = "<group>"; };
		1803C7081ABF584400D4C487 /* CIRSoundLibrary.m */ = {isa = PBXFileReference; fileEncoding = 4; lastKnownFileType = sourcecode.c.objc; path = CIRSoundLibrary.m; sourceTree = "<group>"; };
		181D56B61ABDB90600D252BC /* Anquiz.app */ = {isa = PBXFileReference; explicitFileType = wrapper.application; includeInIndex = 0; path = Anquiz.app; sourceTree = BUILT_PRODUCTS_DIR; };
		181D56BA1ABDB90600D252BC /* Info.plist */ = {isa = PBXFileReference; lastKnownFileType = text.plist.xml; path = Info.plist; sourceTree = "<group>"; };
		181D56BB1ABDB90600D252BC /* main.m */ = {isa = PBXFileReference; lastKnownFileType = sourcecode.c.objc; path = main.m; sourceTree = "<group>"; };
		181D56BD1ABDB90600D252BC /* AppDelegate.h */ = {isa = PBXFileReference; lastKnownFileType = sourcecode.c.h; path = AppDelegate.h; sourceTree = "<group>"; };
		181D56BE1ABDB90600D252BC /* AppDelegate.m */ = {isa = PBXFileReference; lastKnownFileType = sourcecode.c.objc; path = AppDelegate.m; sourceTree = "<group>"; };
		181D56C01ABDB90600D252BC /* Images.xcassets */ = {isa = PBXFileReference; lastKnownFileType = folder.assetcatalog; path = Images.xcassets; sourceTree = "<group>"; };
		181D56C31ABDB90600D252BC /* Base */ = {isa = PBXFileReference; lastKnownFileType = file.xib; name = Base; path = Base.lproj/LaunchScreen.xib; sourceTree = "<group>"; };
		181D56C91ABDB90600D252BC /* NanoChallenge01Tests.xctest */ = {isa = PBXFileReference; explicitFileType = wrapper.cfbundle; includeInIndex = 0; path = NanoChallenge01Tests.xctest; sourceTree = BUILT_PRODUCTS_DIR; };
		181D56CE1ABDB90600D252BC /* Info.plist */ = {isa = PBXFileReference; lastKnownFileType = text.plist.xml; path = Info.plist; sourceTree = "<group>"; };
		181D56CF1ABDB90600D252BC /* NanoChallenge01Tests.m */ = {isa = PBXFileReference; lastKnownFileType = sourcecode.c.objc; path = NanoChallenge01Tests.m; sourceTree = "<group>"; };
		18CE95DA1AC25A8E00346E40 /* CIRSoundImage.h */ = {isa = PBXFileReference; fileEncoding = 4; lastKnownFileType = sourcecode.c.h; path = CIRSoundImage.h; sourceTree = "<group>"; };
		18CE95DB1AC25A8E00346E40 /* CIRSoundImage.m */ = {isa = PBXFileReference; fileEncoding = 4; lastKnownFileType = sourcecode.c.objc; path = CIRSoundImage.m; sourceTree = "<group>"; };
		18D1DC9E1AC2694F00654A86 /* dog.png */ = {isa = PBXFileReference; lastKnownFileType = image.png; path = dog.png; sourceTree = "<group>"; };
		18D1DCA01AC26A6F00654A86 /* cat.png */ = {isa = PBXFileReference; lastKnownFileType = image.png; path = cat.png; sourceTree = "<group>"; };
		18FF0EA01ABF130700BB4E0B /* CIRSoundTestViewController.h */ = {isa = PBXFileReference; fileEncoding = 4; lastKnownFileType = sourcecode.c.h; path = CIRSoundTestViewController.h; sourceTree = "<group>"; };
		18FF0EA11ABF130700BB4E0B /* CIRSoundTestViewController.m */ = {isa = PBXFileReference; fileEncoding = 4; lastKnownFileType = sourcecode.c.objc; path = CIRSoundTestViewController.m; sourceTree = "<group>"; };
		18FF0EA21ABF130700BB4E0B /* CIRSoundTestViewController.xib */ = {isa = PBXFileReference; fileEncoding = 4; lastKnownFileType = file.xib; path = CIRSoundTestViewController.xib; sourceTree = "<group>"; };
		18FF0EA91ABF174400BB4E0B /* playIcon.png */ = {isa = PBXFileReference; lastKnownFileType = image.png; path = playIcon.png; sourceTree = "<group>"; };
		18FF0EAA1ABF174400BB4E0B /* replayIcon.png */ = {isa = PBXFileReference; lastKnownFileType = image.png; path = replayIcon.png; sourceTree = "<group>"; };
		351F30701AC31F4C009F9D54 /* interrogacao.png */ = {isa = PBXFileReference; lastKnownFileType = image.png; path = interrogacao.png; sourceTree = "<group>"; };
		351F30731AC32521009F9D54 /* pet_background_by_darkrainspirit-d6gogtq.png */ = {isa = PBXFileReference; lastKnownFileType = image.png; path = "pet_background_by_darkrainspirit-d6gogtq.png"; sourceTree = "<group>"; };
		351F30741AC32521009F9D54 /* Pet-care-site-Background.gif */ = {isa = PBXFileReference; lastKnownFileType = image.gif; path = "Pet-care-site-Background.gif"; sourceTree = "<group>"; };
		351F30751AC32521009F9D54 /* pet_background_by_darkrainspirit-d6gogtq.gif */ = {isa = PBXFileReference; lastKnownFileType = image.gif; path = "pet_background_by_darkrainspirit-d6gogtq.gif"; sourceTree = "<group>"; };
		351F30791AC3296E009F9D54 /* Lol_question_mark.png */ = {isa = PBXFileReference; lastKnownFileType = image.png; path = Lol_question_mark.png; sourceTree = "<group>"; };
		351F307B1AC329C5009F9D54 /* question-mark2.png */ = {isa = PBXFileReference; lastKnownFileType = image.png; path = "question-mark2.png"; sourceTree = "<group>"; };
		351F307D1AC32AD1009F9D54 /* Twitter_question_mark.png */ = {isa = PBXFileReference; lastKnownFileType = image.png; path = Twitter_question_mark.png; sourceTree = "<group>"; };
		351F307F1AC32BBB009F9D54 /* doubt-321144_640.png */ = {isa = PBXFileReference; lastKnownFileType = image.png; path = "doubt-321144_640.png"; sourceTree = "<group>"; };
		351F30801AC32BBB009F9D54 /* question-mark-310100_640.png */ = {isa = PBXFileReference; lastKnownFileType = image.png; path = "question-mark-310100_640.png"; sourceTree = "<group>"; };
		351F30831AC335D7009F9D54 /* novacor.png */ = {isa = PBXFileReference; lastKnownFileType = image.png; path = novacor.png; sourceTree = "<group>"; };
		351F30851AC344B8009F9D54 /* funwithanimals.png */ = {isa = PBXFileReference; lastKnownFileType = image.png; path = funwithanimals.png; sourceTree = "<group>"; };
		351F30871AC34AE9009F9D54 /* Collage (Japanese instrumental music group) - Dohbutsu no Kohshin (Animal Parade).mp3 */ = {isa = PBXFileReference; lastKnownFileType = audio.mp3; path = "Collage (Japanese instrumental music group) - Dohbutsu no Kohshin (Animal Parade).mp3"; sourceTree = "<group>"; };
		F5CD492E1AC31B4B00F270FA /* aguia.png */ = {isa = PBXFileReference; lastKnownFileType = image.png; path = aguia.png; sourceTree = "<group>"; };
		F5CD492F1AC31B4B00F270FA /* alce.png */ = {isa = PBXFileReference; lastKnownFileType = image.png; path = alce.png; sourceTree = "<group>"; };
		F5CD49301AC31B4B00F270FA /* antilope.png */ = {isa = PBXFileReference; lastKnownFileType = image.png; path = antilope.png; sourceTree = "<group>"; };
		F5CD49311AC31B4B00F270FA /* burro.png */ = {isa = PBXFileReference; lastKnownFileType = image.png; path = burro.png; sourceTree = "<group>"; };
		F5CD49321AC31B4B00F270FA /* cachorro.png */ = {isa = PBXFileReference; lastKnownFileType = image.png; path = cachorro.png; sourceTree = "<group>"; };
		F5CD49331AC31B4B00F270FA /* camelo.png */ = {isa = PBXFileReference; lastKnownFileType = image.png; path = camelo.png; sourceTree = "<group>"; };
		F5CD49341AC31B4B00F270FA /* coelho.png */ = {isa = PBXFileReference; lastKnownFileType = image.png; path = coelho.png; sourceTree = "<group>"; };
		F5CD49351AC31B4B00F270FA /* curuja.png */ = {isa = PBXFileReference; lastKnownFileType = image.png; path = curuja.png; sourceTree = "<group>"; };
		F5CD49361AC31B4B00F270FA /* elefante.png */ = {isa = PBXFileReference; lastKnownFileType = image.png; path = elefante.png; sourceTree = "<group>"; };
		F5CD49371AC31B4B00F270FA /* escorpiao.png */ = {isa = PBXFileReference; lastKnownFileType = image.png; path = escorpiao.png; sourceTree = "<group>"; };
		F5CD49381AC31B4B00F270FA /* esquilo.png */ = {isa = PBXFileReference; lastKnownFileType = image.png; path = esquilo.png; sourceTree = "<group>"; };
		F5CD49391AC31B4B00F270FA /* estrela-do-mar.png */ = {isa = PBXFileReference; lastKnownFileType = image.png; path = "estrela-do-mar.png"; sourceTree = "<group>"; };
		F5CD493A1AC31B4B00F270FA /* foca.png */ = {isa = PBXFileReference; lastKnownFileType = image.png; path = foca.png; sourceTree = "<group>"; };
		F5CD493B1AC31B4B00F270FA /* galo.png */ = {isa = PBXFileReference; lastKnownFileType = image.png; path = galo.png; sourceTree = "<group>"; };
		F5CD493C1AC31B4B00F270FA /* gato.png */ = {isa = PBXFileReference; lastKnownFileType = image.png; path = gato.png; sourceTree = "<group>"; };
		F5CD493D1AC31B4B00F270FA /* javali.png */ = {isa = PBXFileReference; lastKnownFileType = image.png; path = javali.png; sourceTree = "<group>"; };
		F5CD493E1AC31B4B00F270FA /* leao-marinho.png */ = {isa = PBXFileReference; lastKnownFileType = image.png; path = "leao-marinho.png"; sourceTree = "<group>"; };
		F5CD493F1AC31B4B00F270FA /* lemore.png */ = {isa = PBXFileReference; lastKnownFileType = image.png; path = lemore.png; sourceTree = "<group>"; };
		F5CD49401AC31B4B00F270FA /* leopardo.png */ = {isa = PBXFileReference; lastKnownFileType = image.png; path = leopardo.png; sourceTree = "<group>"; };
		F5CD49411AC31B4B00F270FA /* lobo.png */ = {isa = PBXFileReference; lastKnownFileType = image.png; path = lobo.png; sourceTree = "<group>"; };
		F5CD49421AC31B4B00F270FA /* macaco.png */ = {isa = PBXFileReference; lastKnownFileType = image.png; path = macaco.png; sourceTree = "<group>"; };
		F5CD49431AC31B4B00F270FA /* ovelha.png */ = {isa = PBXFileReference; lastKnownFileType = image.png; path = ovelha.png; sourceTree = "<group>"; };
		F5CD49441AC31B4B00F270FA /* papagaio.png */ = {isa = PBXFileReference; lastKnownFileType = image.png; path = papagaio.png; sourceTree = "<group>"; };
		F5CD49451AC31B4B00F270FA /* pinguim.png */ = {isa = PBXFileReference; lastKnownFileType = image.png; path = pinguim.png; sourceTree = "<group>"; };
		F5CD49461AC31B4B00F270FA /* polvo.png */ = {isa = PBXFileReference; lastKnownFileType = image.png; path = polvo.png; sourceTree = "<group>"; };
		F5CD49471AC31B4B00F270FA /* porco.png */ = {isa = PBXFileReference; lastKnownFileType = image.png; path = porco.png; sourceTree = "<group>"; };
		F5CD49481AC31B4B00F270FA /* serpente.png */ = {isa = PBXFileReference; lastKnownFileType = image.png; path = serpente.png; sourceTree = "<group>"; };
		F5CD49491AC31B4B00F270FA /* Thumbs.db */ = {isa = PBXFileReference; lastKnownFileType = file; path = Thumbs.db; sourceTree = "<group>"; };
		F5CD494A1AC31B4B00F270FA /* urso.png */ = {isa = PBXFileReference; lastKnownFileType = image.png; path = urso.png; sourceTree = "<group>"; };
		F5CD494B1AC31B4B00F270FA /* vaca.png */ = {isa = PBXFileReference; lastKnownFileType = image.png; path = vaca.png; sourceTree = "<group>"; };
/* End PBXFileReference section */

/* Begin PBXFrameworksBuildPhase section */
		181D56B31ABDB90600D252BC /* Frameworks */ = {
			isa = PBXFrameworksBuildPhase;
			buildActionMask = 2147483647;
			files = (
			);
			runOnlyForDeploymentPostprocessing = 0;
		};
		181D56C61ABDB90600D252BC /* Frameworks */ = {
			isa = PBXFrameworksBuildPhase;
			buildActionMask = 2147483647;
			files = (
			);
			runOnlyForDeploymentPostprocessing = 0;
		};
/* End PBXFrameworksBuildPhase section */

/* Begin PBXGroup section */
		1801BB9C1ABF3F310031C4D4 /* xibFiles */ = {
			isa = PBXGroup;
			children = (
				181D56C21ABDB90600D252BC /* LaunchScreen.xib */,
				18FF0EA21ABF130700BB4E0B /* CIRSoundTestViewController.xib */,
			);
			name = xibFiles;
			sourceTree = "<group>";
		};
		1801BB9E1ABF3F6E0031C4D4 /* ViewControllers */ = {
			isa = PBXGroup;
			children = (
				18FF0EA01ABF130700BB4E0B /* CIRSoundTestViewController.h */,
				18FF0EA11ABF130700BB4E0B /* CIRSoundTestViewController.m */,
			);
			name = ViewControllers;
			sourceTree = "<group>";
		};
		1803C6FD1ABF41ED00D4C487 /* SoundManager */ = {
			isa = PBXGroup;
			children = (
				1803C6FE1ABF41ED00D4C487 /* SoundManager.h */,
				1803C6FF1ABF41ED00D4C487 /* SoundManager.m */,
			);
			path = SoundManager;
			sourceTree = "<group>";
		};
		1803C7011ABF507C00D4C487 /* sounds */ = {
			isa = PBXGroup;
			children = (
				351F30871AC34AE9009F9D54 /* Collage (Japanese instrumental music group) - Dohbutsu no Kohshin (Animal Parade).mp3 */,
				1803C7021ABF508B00D4C487 /* alarm.mp3 */,
			);
			name = sounds;
			sourceTree = "<group>";
		};
		181D56AD1ABDB90600D252BC = {
			isa = PBXGroup;
			children = (
				181D56B81ABDB90600D252BC /* NanoChallenge01 */,
				18FF0EAD1ABF181E00BB4E0B /* images */,
				1803C7011ABF507C00D4C487 /* sounds */,
				181D56CC1ABDB90600D252BC /* NanoChallenge01Tests */,
				181D56B71ABDB90600D252BC /* Products */,
			);
			sourceTree = "<group>";
		};
		181D56B71ABDB90600D252BC /* Products */ = {
			isa = PBXGroup;
			children = (
				181D56B61ABDB90600D252BC /* Anquiz.app */,
				181D56C91ABDB90600D252BC /* NanoChallenge01Tests.xctest */,
			);
			name = Products;
			sourceTree = "<group>";
		};
		181D56B81ABDB90600D252BC /* NanoChallenge01 */ = {
			isa = PBXGroup;
			children = (
				1803C6FD1ABF41ED00D4C487 /* SoundManager */,
				1801BB9C1ABF3F310031C4D4 /* xibFiles */,
				1801BB9E1ABF3F6E0031C4D4 /* ViewControllers */,
				18CE95D61AC258E700346E40 /* CIRTestes */,
				181D56BD1ABDB90600D252BC /* AppDelegate.h */,
				181D56BE1ABDB90600D252BC /* AppDelegate.m */,
				181D56C01ABDB90600D252BC /* Images.xcassets */,
				181D56B91ABDB90600D252BC /* Supporting Files */,
				18CE95DA1AC25A8E00346E40 /* CIRSoundImage.h */,
				18CE95DB1AC25A8E00346E40 /* CIRSoundImage.m */,
			);
			path = NanoChallenge01;
			sourceTree = "<group>";
		};
		181D56B91ABDB90600D252BC /* Supporting Files */ = {
			isa = PBXGroup;
			children = (
				181D56BA1ABDB90600D252BC /* Info.plist */,
				181D56BB1ABDB90600D252BC /* main.m */,
			);
			name = "Supporting Files";
			sourceTree = "<group>";
		};
		181D56CC1ABDB90600D252BC /* NanoChallenge01Tests */ = {
			isa = PBXGroup;
			children = (
				181D56CF1ABDB90600D252BC /* NanoChallenge01Tests.m */,
				181D56CD1ABDB90600D252BC /* Supporting Files */,
			);
			path = NanoChallenge01Tests;
			sourceTree = "<group>";
		};
		181D56CD1ABDB90600D252BC /* Supporting Files */ = {
			isa = PBXGroup;
			children = (
				181D56CE1ABDB90600D252BC /* Info.plist */,
			);
			name = "Supporting Files";
			sourceTree = "<group>";
		};
		18CE95D61AC258E700346E40 /* CIRTestes */ = {
			isa = PBXGroup;
			children = (
				1803C7041ABF554D00D4C487 /* CIRSound.h */,
				1803C7051ABF554D00D4C487 /* CIRSound.m */,
				1803C7071ABF584400D4C487 /* CIRSoundLibrary.h */,
				1803C7081ABF584400D4C487 /* CIRSoundLibrary.m */,
			);
			name = CIRTestes;
			sourceTree = "<group>";
		};
		18FF0EAD1ABF181E00BB4E0B /* images */ = {
			isa = PBXGroup;
			children = (
				351F30851AC344B8009F9D54 /* funwithanimals.png */,
				351F30721AC324F3009F9D54 /* background */,
				351F30701AC31F4C009F9D54 /* interrogacao.png */,
				351F307F1AC32BBB009F9D54 /* doubt-321144_640.png */,
				351F30801AC32BBB009F9D54 /* question-mark-310100_640.png */,
				351F307B1AC329C5009F9D54 /* question-mark2.png */,
				351F307D1AC32AD1009F9D54 /* Twitter_question_mark.png */,
				351F30791AC3296E009F9D54 /* Lol_question_mark.png */,
				351F30831AC335D7009F9D54 /* novacor.png */,
				F5CD492D1AC31B4B00F270FA /* Animais */,
				18D1DC9E1AC2694F00654A86 /* dog.png */,
				18D1DCA01AC26A6F00654A86 /* cat.png */,
				18FF0EA91ABF174400BB4E0B /* playIcon.png */,
				18FF0EAA1ABF174400BB4E0B /* replayIcon.png */,
			);
			name = images;
			path = NanoChallenge01;
			sourceTree = "<group>";
		};
		351F30721AC324F3009F9D54 /* background */ = {
			isa = PBXGroup;
			children = (
				351F30731AC32521009F9D54 /* pet_background_by_darkrainspirit-d6gogtq.png */,
				351F30741AC32521009F9D54 /* Pet-care-site-Background.gif */,
				351F30751AC32521009F9D54 /* pet_background_by_darkrainspirit-d6gogtq.gif */,
			);
			name = background;
			sourceTree = "<group>";
		};
		F5CD492D1AC31B4B00F270FA /* Animais */ = {
			isa = PBXGroup;
			children = (
				F5CD492E1AC31B4B00F270FA /* aguia.png */,
				F5CD492F1AC31B4B00F270FA /* alce.png */,
				F5CD49301AC31B4B00F270FA /* antilope.png */,
				F5CD49311AC31B4B00F270FA /* burro.png */,
				F5CD49321AC31B4B00F270FA /* cachorro.png */,
				F5CD49331AC31B4B00F270FA /* camelo.png */,
				F5CD49341AC31B4B00F270FA /* coelho.png */,
				F5CD49351AC31B4B00F270FA /* curuja.png */,
				F5CD49361AC31B4B00F270FA /* elefante.png */,
				F5CD49371AC31B4B00F270FA /* escorpiao.png */,
				F5CD49381AC31B4B00F270FA /* esquilo.png */,
				F5CD49391AC31B4B00F270FA /* estrela-do-mar.png */,
				F5CD493A1AC31B4B00F270FA /* foca.png */,
				F5CD493B1AC31B4B00F270FA /* galo.png */,
				F5CD493C1AC31B4B00F270FA /* gato.png */,
				F5CD493D1AC31B4B00F270FA /* javali.png */,
				F5CD493E1AC31B4B00F270FA /* leao-marinho.png */,
				F5CD493F1AC31B4B00F270FA /* lemore.png */,
				F5CD49401AC31B4B00F270FA /* leopardo.png */,
				F5CD49411AC31B4B00F270FA /* lobo.png */,
				F5CD49421AC31B4B00F270FA /* macaco.png */,
				F5CD49431AC31B4B00F270FA /* ovelha.png */,
				F5CD49441AC31B4B00F270FA /* papagaio.png */,
				F5CD49451AC31B4B00F270FA /* pinguim.png */,
				F5CD49461AC31B4B00F270FA /* polvo.png */,
				F5CD49471AC31B4B00F270FA /* porco.png */,
				F5CD49481AC31B4B00F270FA /* serpente.png */,
				F5CD49491AC31B4B00F270FA /* Thumbs.db */,
				F5CD494A1AC31B4B00F270FA /* urso.png */,
				F5CD494B1AC31B4B00F270FA /* vaca.png */,
			);
			path = Animais;
			sourceTree = "<group>";
		};
/* End PBXGroup section */

/* Begin PBXNativeTarget section */
		181D56B51ABDB90600D252BC /* NanoChallenge01 */ = {
			isa = PBXNativeTarget;
			buildConfigurationList = 181D56D31ABDB90600D252BC /* Build configuration list for PBXNativeTarget "NanoChallenge01" */;
			buildPhases = (
				181D56B21ABDB90600D252BC /* Sources */,
				181D56B31ABDB90600D252BC /* Frameworks */,
				181D56B41ABDB90600D252BC /* Resources */,
			);
			buildRules = (
			);
			dependencies = (
			);
			name = NanoChallenge01;
			productName = NanoChallenge01;
			productReference = 181D56B61ABDB90600D252BC /* Anquiz.app */;
			productType = "com.apple.product-type.application";
		};
		181D56C81ABDB90600D252BC /* NanoChallenge01Tests */ = {
			isa = PBXNativeTarget;
			buildConfigurationList = 181D56D61ABDB90600D252BC /* Build configuration list for PBXNativeTarget "NanoChallenge01Tests" */;
			buildPhases = (
				181D56C51ABDB90600D252BC /* Sources */,
				181D56C61ABDB90600D252BC /* Frameworks */,
				181D56C71ABDB90600D252BC /* Resources */,
			);
			buildRules = (
			);
			dependencies = (
				181D56CB1ABDB90600D252BC /* PBXTargetDependency */,
			);
			name = NanoChallenge01Tests;
			productName = NanoChallenge01Tests;
			productReference = 181D56C91ABDB90600D252BC /* NanoChallenge01Tests.xctest */;
			productType = "com.apple.product-type.bundle.unit-test";
		};
/* End PBXNativeTarget section */

/* Begin PBXProject section */
		181D56AE1ABDB90600D252BC /* Project object */ = {
			isa = PBXProject;
			attributes = {
				LastUpgradeCheck = 0620;
				ORGANIZATIONNAME = CIR;
				TargetAttributes = {
					181D56B51ABDB90600D252BC = {
						CreatedOnToolsVersion = 6.2;
					};
					181D56C81ABDB90600D252BC = {
						CreatedOnToolsVersion = 6.2;
						TestTargetID = 181D56B51ABDB90600D252BC;
					};
				};
			};
			buildConfigurationList = 181D56B11ABDB90600D252BC /* Build configuration list for PBXProject "Aniquiz" */;
			compatibilityVersion = "Xcode 3.2";
			developmentRegion = English;
			hasScannedForEncodings = 0;
			knownRegions = (
				en,
				Base,
			);
			mainGroup = 181D56AD1ABDB90600D252BC;
			productRefGroup = 181D56B71ABDB90600D252BC /* Products */;
			projectDirPath = "";
			projectRoot = "";
			targets = (
				181D56B51ABDB90600D252BC /* NanoChallenge01 */,
				181D56C81ABDB90600D252BC /* NanoChallenge01Tests */,
			);
		};
/* End PBXProject section */

/* Begin PBXResourcesBuildPhase section */
		181D56B41ABDB90600D252BC /* Resources */ = {
			isa = PBXResourcesBuildPhase;
			buildActionMask = 2147483647;
			files = (
				F5CD49521AC31B4B00F270FA /* coelho.png in Resources */,
				F5CD49651AC31B4B00F270FA /* porco.png in Resources */,
				18D1DC9F1AC2694F00654A86 /* dog.png in Resources */,
				351F307C1AC329C5009F9D54 /* question-mark2.png in Resources */,
				351F30881AC34AE9009F9D54 /* Collage (Japanese instrumental music group) - Dohbutsu no Kohshin (Animal Parade).mp3 in Resources */,
				F5CD49571AC31B4B00F270FA /* estrela-do-mar.png in Resources */,
				F5CD495A1AC31B4B00F270FA /* gato.png in Resources */,
				181D56C41ABDB90600D252BC /* LaunchScreen.xib in Resources */,
				F5CD49601AC31B4B00F270FA /* macaco.png in Resources */,
				351F30781AC32521009F9D54 /* pet_background_by_darkrainspirit-d6gogtq.gif in Resources */,
				F5CD494F1AC31B4B00F270FA /* burro.png in Resources */,
				351F30771AC32521009F9D54 /* Pet-care-site-Background.gif in Resources */,
				351F30761AC32521009F9D54 /* pet_background_by_darkrainspirit-d6gogtq.png in Resources */,
				F5CD49541AC31B4B00F270FA /* elefante.png in Resources */,
				F5CD494C1AC31B4B00F270FA /* aguia.png in Resources */,
				18D1DCA11AC26A6F00654A86 /* cat.png in Resources */,
				F5CD49591AC31B4B00F270FA /* galo.png in Resources */,
				F5CD49691AC31B4B00F270FA /* vaca.png in Resources */,
				18FF0EA41ABF130700BB4E0B /* CIRSoundTestViewController.xib in Resources */,
				F5CD495D1AC31B4B00F270FA /* lemore.png in Resources */,
				F5CD49531AC31B4B00F270FA /* curuja.png in Resources */,
				F5CD49641AC31B4B00F270FA /* polvo.png in Resources */,
				351F307A1AC3296E009F9D54 /* Lol_question_mark.png in Resources */,
				351F30841AC335D7009F9D54 /* novacor.png in Resources */,
				F5CD495B1AC31B4B00F270FA /* javali.png in Resources */,
				F5CD49561AC31B4B00F270FA /* esquilo.png in Resources */,
				351F30811AC32BBB009F9D54 /* doubt-321144_640.png in Resources */,
				F5CD495C1AC31B4B00F270FA /* leao-marinho.png in Resources */,
				F5CD49581AC31B4B00F270FA /* foca.png in Resources */,
				1803C7031ABF508B00D4C487 /* alarm.mp3 in Resources */,
				F5CD49501AC31B4B00F270FA /* cachorro.png in Resources */,
				F5CD49551AC31B4B00F270FA /* escorpiao.png in Resources */,
				F5CD494E1AC31B4B00F270FA /* antilope.png in Resources */,
				F5CD49671AC31B4B00F270FA /* Thumbs.db in Resources */,
				F5CD49611AC31B4B00F270FA /* ovelha.png in Resources */,
				F5CD49631AC31B4B00F270FA /* pinguim.png in Resources */,
				F5CD49681AC31B4B00F270FA /* urso.png in Resources */,
				F5CD49661AC31B4B00F270FA /* serpente.png in Resources */,
				351F30861AC344B8009F9D54 /* funwithanimals.png in Resources */,
				F5CD49621AC31B4B00F270FA /* papagaio.png in Resources */,
				F5CD494D1AC31B4B00F270FA /* alce.png in Resources */,
				F5CD49511AC31B4B00F270FA /* camelo.png in Resources */,
				F5CD495F1AC31B4B00F270FA /* lobo.png in Resources */,
				18FF0EAB1ABF174400BB4E0B /* playIcon.png in Resources */,
				351F30821AC32BBB009F9D54 /* question-mark-310100_640.png in Resources */,
				181D56C11ABDB90600D252BC /* Images.xcassets in Resources */,
				351F30711AC31F4C009F9D54 /* interrogacao.png in Resources */,
				18FF0EAC1ABF174400BB4E0B /* replayIcon.png in Resources */,
				F5CD495E1AC31B4B00F270FA /* leopardo.png in Resources */,
				351F307E1AC32AD1009F9D54 /* Twitter_question_mark.png in Resources */,
			);
			runOnlyForDeploymentPostprocessing = 0;
		};
		181D56C71ABDB90600D252BC /* Resources */ = {
			isa = PBXResourcesBuildPhase;
			buildActionMask = 2147483647;
			files = (
			);
			runOnlyForDeploymentPostprocessing = 0;
		};
/* End PBXResourcesBuildPhase section */

/* Begin PBXSourcesBuildPhase section */
		181D56B21ABDB90600D252BC /* Sources */ = {
			isa = PBXSourcesBuildPhase;
			buildActionMask = 2147483647;
			files = (
				181D56BF1ABDB90600D252BC /* AppDelegate.m in Sources */,
				1803C7061ABF554D00D4C487 /* CIRSound.m in Sources */,
				18CE95DC1AC25A8E00346E40 /* CIRSoundImage.m in Sources */,
				1803C7091ABF584400D4C487 /* CIRSoundLibrary.m in Sources */,
				181D56BC1ABDB90600D252BC /* main.m in Sources */,
				1803C7001ABF41ED00D4C487 /* SoundManager.m in Sources */,
				18FF0EA31ABF130700BB4E0B /* CIRSoundTestViewController.m in Sources */,
			);
			runOnlyForDeploymentPostprocessing = 0;
		};
		181D56C51ABDB90600D252BC /* Sources */ = {
			isa = PBXSourcesBuildPhase;
			buildActionMask = 2147483647;
			files = (
				181D56D01ABDB90600D252BC /* NanoChallenge01Tests.m in Sources */,
			);
			runOnlyForDeploymentPostprocessing = 0;
		};
/* End PBXSourcesBuildPhase section */

/* Begin PBXTargetDependency section */
		181D56CB1ABDB90600D252BC /* PBXTargetDependency */ = {
			isa = PBXTargetDependency;
			target = 181D56B51ABDB90600D252BC /* NanoChallenge01 */;
			targetProxy = 181D56CA1ABDB90600D252BC /* PBXContainerItemProxy */;
		};
/* End PBXTargetDependency section */

/* Begin PBXVariantGroup section */
		181D56C21ABDB90600D252BC /* LaunchScreen.xib */ = {
			isa = PBXVariantGroup;
			children = (
				181D56C31ABDB90600D252BC /* Base */,
			);
			name = LaunchScreen.xib;
			sourceTree = "<group>";
		};
/* End PBXVariantGroup section */

/* Begin XCBuildConfiguration section */
		181D56D11ABDB90600D252BC /* Debug */ = {
			isa = XCBuildConfiguration;
			buildSettings = {
				ALWAYS_SEARCH_USER_PATHS = NO;
				CLANG_CXX_LANGUAGE_STANDARD = "gnu++0x";
				CLANG_CXX_LIBRARY = "libc++";
				CLANG_ENABLE_MODULES = YES;
				CLANG_ENABLE_OBJC_ARC = YES;
				CLANG_WARN_BOOL_CONVERSION = YES;
				CLANG_WARN_CONSTANT_CONVERSION = YES;
				CLANG_WARN_DIRECT_OBJC_ISA_USAGE = YES_ERROR;
				CLANG_WARN_EMPTY_BODY = YES;
				CLANG_WARN_ENUM_CONVERSION = YES;
				CLANG_WARN_INT_CONVERSION = YES;
				CLANG_WARN_OBJC_ROOT_CLASS = YES_ERROR;
				CLANG_WARN_UNREACHABLE_CODE = YES;
				CLANG_WARN__DUPLICATE_METHOD_MATCH = YES;
				"CODE_SIGN_IDENTITY[sdk=iphoneos*]" = "iPhone Developer";
				COPY_PHASE_STRIP = NO;
				ENABLE_STRICT_OBJC_MSGSEND = YES;
				GCC_C_LANGUAGE_STANDARD = gnu99;
				GCC_DYNAMIC_NO_PIC = NO;
				GCC_OPTIMIZATION_LEVEL = 0;
				GCC_PREPROCESSOR_DEFINITIONS = (
					"DEBUG=1",
					"$(inherited)",
				);
				GCC_SYMBOLS_PRIVATE_EXTERN = NO;
				GCC_WARN_64_TO_32_BIT_CONVERSION = YES;
				GCC_WARN_ABOUT_RETURN_TYPE = YES_ERROR;
				GCC_WARN_UNDECLARED_SELECTOR = YES;
				GCC_WARN_UNINITIALIZED_AUTOS = YES_AGGRESSIVE;
				GCC_WARN_UNUSED_FUNCTION = YES;
				GCC_WARN_UNUSED_VARIABLE = YES;
				IPHONEOS_DEPLOYMENT_TARGET = 8.2;
				MTL_ENABLE_DEBUG_INFO = YES;
				ONLY_ACTIVE_ARCH = YES;
				SDKROOT = iphoneos;
			};
			name = Debug;
		};
		181D56D21ABDB90600D252BC /* Release */ = {
			isa = XCBuildConfiguration;
			buildSettings = {
				ALWAYS_SEARCH_USER_PATHS = NO;
				CLANG_CXX_LANGUAGE_STANDARD = "gnu++0x";
				CLANG_CXX_LIBRARY = "libc++";
				CLANG_ENABLE_MODULES = YES;
				CLANG_ENABLE_OBJC_ARC = YES;
				CLANG_WARN_BOOL_CONVERSION = YES;
				CLANG_WARN_CONSTANT_CONVERSION = YES;
				CLANG_WARN_DIRECT_OBJC_ISA_USAGE = YES_ERROR;
				CLANG_WARN_EMPTY_BODY = YES;
				CLANG_WARN_ENUM_CONVERSION = YES;
				CLANG_WARN_INT_CONVERSION = YES;
				CLANG_WARN_OBJC_ROOT_CLASS = YES_ERROR;
				CLANG_WARN_UNREACHABLE_CODE = YES;
				CLANG_WARN__DUPLICATE_METHOD_MATCH = YES;
				"CODE_SIGN_IDENTITY[sdk=iphoneos*]" = "iPhone Developer";
				COPY_PHASE_STRIP = NO;
				ENABLE_NS_ASSERTIONS = NO;
				ENABLE_STRICT_OBJC_MSGSEND = YES;
				GCC_C_LANGUAGE_STANDARD = gnu99;
				GCC_WARN_64_TO_32_BIT_CONVERSION = YES;
				GCC_WARN_ABOUT_RETURN_TYPE = YES_ERROR;
				GCC_WARN_UNDECLARED_SELECTOR = YES;
				GCC_WARN_UNINITIALIZED_AUTOS = YES_AGGRESSIVE;
				GCC_WARN_UNUSED_FUNCTION = YES;
				GCC_WARN_UNUSED_VARIABLE = YES;
				IPHONEOS_DEPLOYMENT_TARGET = 8.2;
				MTL_ENABLE_DEBUG_INFO = NO;
				SDKROOT = iphoneos;
				VALIDATE_PRODUCT = YES;
			};
			name = Release;
		};
		181D56D41ABDB90600D252BC /* Debug */ = {
			isa = XCBuildConfiguration;
			buildSettings = {
				ASSETCATALOG_COMPILER_APPICON_NAME = AppIcon;
				CODE_SIGN_IDENTITY = "iPhone Developer";
				INFOPLIST_FILE = NanoChallenge01/Info.plist;
				LD_RUNPATH_SEARCH_PATHS = "$(inherited) @executable_path/Frameworks";
				PRODUCT_NAME = Anquiz;
			};
			name = Debug;
		};
		181D56D51ABDB90600D252BC /* Release */ = {
			isa = XCBuildConfiguration;
			buildSettings = {
				ASSETCATALOG_COMPILER_APPICON_NAME = AppIcon;
				CODE_SIGN_IDENTITY = "iPhone Developer";
				INFOPLIST_FILE = NanoChallenge01/Info.plist;
				LD_RUNPATH_SEARCH_PATHS = "$(inherited) @executable_path/Frameworks";
				PRODUCT_NAME = Anquiz;
			};
			name = Release;
		};
		181D56D71ABDB90600D252BC /* Debug */ = {
			isa = XCBuildConfiguration;
			buildSettings = {
				BUNDLE_LOADER = "$(TEST_HOST)";
				FRAMEWORK_SEARCH_PATHS = (
					"$(SDKROOT)/Developer/Library/Frameworks",
					"$(inherited)",
				);
				GCC_PREPROCESSOR_DEFINITIONS = (
					"DEBUG=1",
					"$(inherited)",
				);
				INFOPLIST_FILE = NanoChallenge01Tests/Info.plist;
				LD_RUNPATH_SEARCH_PATHS = "$(inherited) @executable_path/Frameworks @loader_path/Frameworks";
				PRODUCT_NAME = "$(TARGET_NAME)";
				TEST_HOST = "$(BUILT_PRODUCTS_DIR)/NanoChallenge01.app/NanoChallenge01";
			};
			name = Debug;
		};
		181D56D81ABDB90600D252BC /* Release */ = {
			isa = XCBuildConfiguration;
			buildSettings = {
				BUNDLE_LOADER = "$(TEST_HOST)";
				FRAMEWORK_SEARCH_PATHS = (
					"$(SDKROOT)/Developer/Library/Frameworks",
					"$(inherited)",
				);
				INFOPLIST_FILE = NanoChallenge01Tests/Info.plist;
				LD_RUNPATH_SEARCH_PATHS = "$(inherited) @executable_path/Frameworks @loader_path/Frameworks";
				PRODUCT_NAME = "$(TARGET_NAME)";
				TEST_HOST = "$(BUILT_PRODUCTS_DIR)/NanoChallenge01.app/NanoChallenge01";
			};
			name = Release;
		};
/* End XCBuildConfiguration section */

/* Begin XCConfigurationList section */
		181D56B11ABDB90600D252BC /* Build configuration list for PBXProject "Aniquiz" */ = {
			isa = XCConfigurationList;
			buildConfigurations = (
				181D56D11ABDB90600D252BC /* Debug */,
				181D56D21ABDB90600D252BC /* Release */,
			);
			defaultConfigurationIsVisible = 0;
			defaultConfigurationName = Release;
		};
		181D56D31ABDB90600D252BC /* Build configuration list for PBXNativeTarget "NanoChallenge01" */ = {
			isa = XCConfigurationList;
			buildConfigurations = (
				181D56D41ABDB90600D252BC /* Debug */,
				181D56D51ABDB90600D252BC /* Release */,
			);
			defaultConfigurationIsVisible = 0;
			defaultConfigurationName = Release;
		};
		181D56D61ABDB90600D252BC /* Build configuration list for PBXNativeTarget "NanoChallenge01Tests" */ = {
			isa = XCConfigurationList;
			buildConfigurations = (
				181D56D71ABDB90600D252BC /* Debug */,
				181D56D81ABDB90600D252BC /* Release */,
			);
			defaultConfigurationIsVisible = 0;
			defaultConfigurationName = Release;
		};
/* End XCConfigurationList section */
	};
	rootObject = 181D56AE1ABDB90600D252BC /* Project object */;
}
